Microsoft Visual Studio Solution File, Format Version 10.00
# Visual C++ Express 2008
Project("{8BC9CEB8-8B4A-11D0-8D11-00A0C91BC942}") = "TranslateComp", "translateComp_vc9.vcproj", "{B3694BE7-788B-446C-ABFF-139E37E5E9A3}"
EndProject
Project("{8BC9CEB8-8B4A-11D0-8D11-00A0C91BC942}") = "Translate", "translate_vc9.vcproj", "{C74EA623-C613-49B5-9465-309D70FAF6F1}"
EndProject
Global
	GlobalSection(SolutionConfigurationPlatforms) = preSolution
		Debug|Win32 = Debug|Win32
		Release|Win32 = Release|Win32
	EndGlobalSection
	GlobalSection(ProjectConfigurationPlatforms) = postSolution
		{B3694BE7-788B-446C-ABFF-139E37E5E9A3}.Debug|Win32.ActiveCfg = Debug|Win32
		{B3694BE7-788B-446C-ABFF-139E37E5E9A3}.Debug|Win32.Build.0 = Debug|Win32
		{B3694BE7-788B-446C-ABFF-139E37E5E9A3}.Release|Win32.ActiveCfg = Release|Win32
		{B3694BE7-788B-446C-ABFF-139E37E5E9A3}.Release|Win32.Build.0 = Release|Win32
		{C74EA623-C613-49B5-9465-309D70FAF6F1}.Debug|Win32.ActiveCfg = Debug|Win32
		{C74EA623-C613-49B5-9465-309D70FAF6F1}.Debug|Win32.Build.0 = Debug|Win32
		{C74EA623-C613-49B5-9465-309D70FAF6F1}.Release|Win32.ActiveCfg = Release|Win32
		{C74EA623-C613-49B5-9465-309D70FAF6F1}.Release|Win32.Build.0 = Release|Win32
	EndGlobalSection
	GlobalSection(SolutionProperties) = preSolution
		HideSolutionNode = FALSE
	EndGlobalSection
EndGlobal
