Microsoft Visual Studio Solution File, Format Version 9.00
# Visual Studio 2005
Project("{6791CF2A-1433-45ED-92C8-56DF340C60D4}") = "ImageCalibrationComp", "ImageCalibrationComp_vc8.vcproj", "{D8B9C29B-8E43-48D8-8519-4B429AA3B25B}"
	ProjectSection(ProjectDependencies) = postProject
	EndProjectSection
EndProject
Project("{6791CF2A-1433-45ED-92C8-56DF340C60D4}") = "ImageCalibration", "ImageCalibration_vc8.vcproj", "{A09F7780-6398-4740-A50F-93E30E3E842A}"
	ProjectSection(ProjectDependencies) = postProject
	EndProjectSection
EndProject
Global
	GlobalSection(SolutionConfigurationPlatforms) = preSolution
		Release|Win32 = Release|Win32
		Debug|Win32 = Debug|Win32
	EndGlobalSection
	GlobalSection(ProjectConfigurationPlatforms) = postSolution
		{D8B9C29B-8E43-48D8-8519-4B429AA3B25B}.Release|Win32.ActiveCfg = Release|Win32
		{D8B9C29B-8E43-48D8-8519-4B429AA3B25B}.Release|Win32.Build.0   = Release|Win32
		{D8B9C29B-8E43-48D8-8519-4B429AA3B25B}.Debug|Win32.ActiveCfg = Debug|Win32
		{D8B9C29B-8E43-48D8-8519-4B429AA3B25B}.Debug|Win32.Build.0   = Debug|Win32
		{A09F7780-6398-4740-A50F-93E30E3E842A}.Release|Win32.ActiveCfg = Release|Win32
		{A09F7780-6398-4740-A50F-93E30E3E842A}.Release|Win32.Build.0   = Release|Win32
		{A09F7780-6398-4740-A50F-93E30E3E842A}.Debug|Win32.ActiveCfg = Debug|Win32
		{A09F7780-6398-4740-A50F-93E30E3E842A}.Debug|Win32.Build.0   = Debug|Win32
	EndGlobalSection
	GlobalSection(SolutionProperties) = preSolution
		HideSolutionNode = FALSE
	EndGlobalSection
EndGlobal
