Microsoft Visual Studio Solution File, Format Version 11.00
# Visual Studio 2010
Project("{8BC9CEB8-8B4A-11D0-8D11-00A0C91BC942}") = "ALL_BUILD", "ALL_BUILD.vcxproj", "{B947F6ED-BEAA-4A93-AB1F-586DF141AC43}"
	ProjectSection(ProjectDependencies) = postProject
		{115F9766-37FF-498A-B19C-552C32FDA770} = {115F9766-37FF-498A-B19C-552C32FDA770}
		{A3211B2E-7229-4242-BF3E-0D8379FC3569} = {A3211B2E-7229-4242-BF3E-0D8379FC3569}
	EndProjectSection
EndProject
Project("{8BC9CEB8-8B4A-11D0-8D11-00A0C91BC942}") = "INSTALL", "INSTALL.vcxproj", "{0F103D78-0F29-4905-BDD6-10170713B2B6}"
	ProjectSection(ProjectDependencies) = postProject
		{B947F6ED-BEAA-4A93-AB1F-586DF141AC43} = {B947F6ED-BEAA-4A93-AB1F-586DF141AC43}
	EndProjectSection
EndProject
Project("{8BC9CEB8-8B4A-11D0-8D11-00A0C91BC942}") = "PACKAGE", "PACKAGE.vcxproj", "{33F42C36-1EE4-4E2E-A533-F95493177B79}"
	ProjectSection(ProjectDependencies) = postProject
		{B947F6ED-BEAA-4A93-AB1F-586DF141AC43} = {B947F6ED-BEAA-4A93-AB1F-586DF141AC43}
	EndProjectSection
EndProject
Project("{8BC9CEB8-8B4A-11D0-8D11-00A0C91BC942}") = "Scale", "Scale.vcxproj", "{115F9766-37FF-498A-B19C-552C32FDA770}"
	ProjectSection(ProjectDependencies) = postProject
		{87493064-6817-4173-BA90-7F469034490A} = {87493064-6817-4173-BA90-7F469034490A}
	EndProjectSection
EndProject
Project("{8BC9CEB8-8B4A-11D0-8D11-00A0C91BC942}") = "ScaleComp", "ScaleComp.vcxproj", "{A3211B2E-7229-4242-BF3E-0D8379FC3569}"
	ProjectSection(ProjectDependencies) = postProject
		{115F9766-37FF-498A-B19C-552C32FDA770} = {115F9766-37FF-498A-B19C-552C32FDA770}
		{87493064-6817-4173-BA90-7F469034490A} = {87493064-6817-4173-BA90-7F469034490A}
	EndProjectSection
EndProject
Project("{8BC9CEB8-8B4A-11D0-8D11-00A0C91BC942}") = "ZERO_CHECK", "..\..\ZERO_CHECK.vcxproj", "{87493064-6817-4173-BA90-7F469034490A}"
	ProjectSection(ProjectDependencies) = postProject
	EndProjectSection
EndProject
Project("{8BC9CEB8-8B4A-11D0-8D11-00A0C91BC942}") = "doxygen_Scale", "doxygen_Scale.vcxproj", "{DCBF90B4-94E6-4E61-AB18-BF2FE3359356}"
	ProjectSection(ProjectDependencies) = postProject
		{87493064-6817-4173-BA90-7F469034490A} = {87493064-6817-4173-BA90-7F469034490A}
	EndProjectSection
EndProject
Project("{8BC9CEB8-8B4A-11D0-8D11-00A0C91BC942}") = "uninstall_Scale", "uninstall_Scale.vcxproj", "{841C45F2-A261-42E7-A042-2866B92E689F}"
	ProjectSection(ProjectDependencies) = postProject
		{87493064-6817-4173-BA90-7F469034490A} = {87493064-6817-4173-BA90-7F469034490A}
	EndProjectSection
EndProject
Global
	GlobalSection(SolutionConfigurationPlatforms) = preSolution
		Debug|Win32 = Debug|Win32
		Release|Win32 = Release|Win32
		MinSizeRel|Win32 = MinSizeRel|Win32
		RelWithDebInfo|Win32 = RelWithDebInfo|Win32
	EndGlobalSection
	GlobalSection(ProjectConfigurationPlatforms) = postSolution
		{B947F6ED-BEAA-4A93-AB1F-586DF141AC43}.Debug|Win32.ActiveCfg = Debug|Win32
		{B947F6ED-BEAA-4A93-AB1F-586DF141AC43}.Debug|Win32.Build.0 = Debug|Win32
		{B947F6ED-BEAA-4A93-AB1F-586DF141AC43}.Release|Win32.ActiveCfg = Release|Win32
		{B947F6ED-BEAA-4A93-AB1F-586DF141AC43}.Release|Win32.Build.0 = Release|Win32
		{B947F6ED-BEAA-4A93-AB1F-586DF141AC43}.MinSizeRel|Win32.ActiveCfg = MinSizeRel|Win32
		{B947F6ED-BEAA-4A93-AB1F-586DF141AC43}.MinSizeRel|Win32.Build.0 = MinSizeRel|Win32
		{B947F6ED-BEAA-4A93-AB1F-586DF141AC43}.RelWithDebInfo|Win32.ActiveCfg = RelWithDebInfo|Win32
		{B947F6ED-BEAA-4A93-AB1F-586DF141AC43}.RelWithDebInfo|Win32.Build.0 = RelWithDebInfo|Win32
		{0F103D78-0F29-4905-BDD6-10170713B2B6}.Debug|Win32.ActiveCfg = Debug|Win32
		{0F103D78-0F29-4905-BDD6-10170713B2B6}.Release|Win32.ActiveCfg = Release|Win32
		{0F103D78-0F29-4905-BDD6-10170713B2B6}.MinSizeRel|Win32.ActiveCfg = MinSizeRel|Win32
		{0F103D78-0F29-4905-BDD6-10170713B2B6}.RelWithDebInfo|Win32.ActiveCfg = RelWithDebInfo|Win32
		{33F42C36-1EE4-4E2E-A533-F95493177B79}.Debug|Win32.ActiveCfg = Debug|Win32
		{33F42C36-1EE4-4E2E-A533-F95493177B79}.Release|Win32.ActiveCfg = Release|Win32
		{33F42C36-1EE4-4E2E-A533-F95493177B79}.MinSizeRel|Win32.ActiveCfg = MinSizeRel|Win32
		{33F42C36-1EE4-4E2E-A533-F95493177B79}.RelWithDebInfo|Win32.ActiveCfg = RelWithDebInfo|Win32
		{115F9766-37FF-498A-B19C-552C32FDA770}.Debug|Win32.ActiveCfg = Debug|Win32
		{115F9766-37FF-498A-B19C-552C32FDA770}.Debug|Win32.Build.0 = Debug|Win32
		{115F9766-37FF-498A-B19C-552C32FDA770}.Release|Win32.ActiveCfg = Release|Win32
		{115F9766-37FF-498A-B19C-552C32FDA770}.Release|Win32.Build.0 = Release|Win32
		{115F9766-37FF-498A-B19C-552C32FDA770}.MinSizeRel|Win32.ActiveCfg = MinSizeRel|Win32
		{115F9766-37FF-498A-B19C-552C32FDA770}.MinSizeRel|Win32.Build.0 = MinSizeRel|Win32
		{115F9766-37FF-498A-B19C-552C32FDA770}.RelWithDebInfo|Win32.ActiveCfg = RelWithDebInfo|Win32
		{115F9766-37FF-498A-B19C-552C32FDA770}.RelWithDebInfo|Win32.Build.0 = RelWithDebInfo|Win32
		{A3211B2E-7229-4242-BF3E-0D8379FC3569}.Debug|Win32.ActiveCfg = Debug|Win32
		{A3211B2E-7229-4242-BF3E-0D8379FC3569}.Debug|Win32.Build.0 = Debug|Win32
		{A3211B2E-7229-4242-BF3E-0D8379FC3569}.Release|Win32.ActiveCfg = Release|Win32
		{A3211B2E-7229-4242-BF3E-0D8379FC3569}.Release|Win32.Build.0 = Release|Win32
		{A3211B2E-7229-4242-BF3E-0D8379FC3569}.MinSizeRel|Win32.ActiveCfg = MinSizeRel|Win32
		{A3211B2E-7229-4242-BF3E-0D8379FC3569}.MinSizeRel|Win32.Build.0 = MinSizeRel|Win32
		{A3211B2E-7229-4242-BF3E-0D8379FC3569}.RelWithDebInfo|Win32.ActiveCfg = RelWithDebInfo|Win32
		{A3211B2E-7229-4242-BF3E-0D8379FC3569}.RelWithDebInfo|Win32.Build.0 = RelWithDebInfo|Win32
		{87493064-6817-4173-BA90-7F469034490A}.Debug|Win32.ActiveCfg = Debug|Win32
		{87493064-6817-4173-BA90-7F469034490A}.Debug|Win32.Build.0 = Debug|Win32
		{87493064-6817-4173-BA90-7F469034490A}.Release|Win32.ActiveCfg = Release|Win32
		{87493064-6817-4173-BA90-7F469034490A}.Release|Win32.Build.0 = Release|Win32
		{87493064-6817-4173-BA90-7F469034490A}.MinSizeRel|Win32.ActiveCfg = MinSizeRel|Win32
		{87493064-6817-4173-BA90-7F469034490A}.MinSizeRel|Win32.Build.0 = MinSizeRel|Win32
		{87493064-6817-4173-BA90-7F469034490A}.RelWithDebInfo|Win32.ActiveCfg = RelWithDebInfo|Win32
		{87493064-6817-4173-BA90-7F469034490A}.RelWithDebInfo|Win32.Build.0 = RelWithDebInfo|Win32
		{DCBF90B4-94E6-4E61-AB18-BF2FE3359356}.Debug|Win32.ActiveCfg = Debug|Win32
		{DCBF90B4-94E6-4E61-AB18-BF2FE3359356}.Release|Win32.ActiveCfg = Release|Win32
		{DCBF90B4-94E6-4E61-AB18-BF2FE3359356}.MinSizeRel|Win32.ActiveCfg = MinSizeRel|Win32
		{DCBF90B4-94E6-4E61-AB18-BF2FE3359356}.RelWithDebInfo|Win32.ActiveCfg = RelWithDebInfo|Win32
		{841C45F2-A261-42E7-A042-2866B92E689F}.Debug|Win32.ActiveCfg = Debug|Win32
		{841C45F2-A261-42E7-A042-2866B92E689F}.Release|Win32.ActiveCfg = Release|Win32
		{841C45F2-A261-42E7-A042-2866B92E689F}.MinSizeRel|Win32.ActiveCfg = MinSizeRel|Win32
		{841C45F2-A261-42E7-A042-2866B92E689F}.RelWithDebInfo|Win32.ActiveCfg = RelWithDebInfo|Win32
	EndGlobalSection
	GlobalSection(ExtensibilityGlobals) = postSolution
	EndGlobalSection
	GlobalSection(ExtensibilityAddIns) = postSolution
	EndGlobalSection
EndGlobal
