Microsoft Visual Studio Solution File, Format Version 11.00
# Visual Studio 2010
Project("{8BC9CEB8-8B4A-11D0-8D11-00A0C91BC942}") = "ALL_BUILD", "ALL_BUILD.vcxproj", "{B947F6ED-BEAA-4A93-AB1F-586DF141AC43}"
	ProjectSection(ProjectDependencies) = postProject
		{D4322820-36DD-4393-A24A-EFD727662EE4} = {D4322820-36DD-4393-A24A-EFD727662EE4}
		{3A0CB1E4-2BD9-4C26-9CE6-06BEB5FCA3DE} = {3A0CB1E4-2BD9-4C26-9CE6-06BEB5FCA3DE}
	EndProjectSection
EndProject
Project("{8BC9CEB8-8B4A-11D0-8D11-00A0C91BC942}") = "INSTALL", "INSTALL.vcxproj", "{0F103D78-0F29-4905-BDD6-10170713B2B6}"
	ProjectSection(ProjectDependencies) = postProject
		{B947F6ED-BEAA-4A93-AB1F-586DF141AC43} = {B947F6ED-BEAA-4A93-AB1F-586DF141AC43}
	EndProjectSection
EndProject
Project("{8BC9CEB8-8B4A-11D0-8D11-00A0C91BC942}") = "PACKAGE", "PACKAGE.vcxproj", "{33F42C36-1EE4-4E2E-A533-F95493177B79}"
	ProjectSection(ProjectDependencies) = postProject
		{B947F6ED-BEAA-4A93-AB1F-586DF141AC43} = {B947F6ED-BEAA-4A93-AB1F-586DF141AC43}
	EndProjectSection
EndProject
Project("{8BC9CEB8-8B4A-11D0-8D11-00A0C91BC942}") = "RockPaperScissors", "RockPaperScissors.vcxproj", "{D4322820-36DD-4393-A24A-EFD727662EE4}"
	ProjectSection(ProjectDependencies) = postProject
		{87493064-6817-4173-BA90-7F469034490A} = {87493064-6817-4173-BA90-7F469034490A}
	EndProjectSection
EndProject
Project("{8BC9CEB8-8B4A-11D0-8D11-00A0C91BC942}") = "RockPaperScissorsComp", "RockPaperScissorsComp.vcxproj", "{3A0CB1E4-2BD9-4C26-9CE6-06BEB5FCA3DE}"
	ProjectSection(ProjectDependencies) = postProject
		{D4322820-36DD-4393-A24A-EFD727662EE4} = {D4322820-36DD-4393-A24A-EFD727662EE4}
		{87493064-6817-4173-BA90-7F469034490A} = {87493064-6817-4173-BA90-7F469034490A}
	EndProjectSection
EndProject
Project("{8BC9CEB8-8B4A-11D0-8D11-00A0C91BC942}") = "ZERO_CHECK", "..\..\ZERO_CHECK.vcxproj", "{87493064-6817-4173-BA90-7F469034490A}"
	ProjectSection(ProjectDependencies) = postProject
	EndProjectSection
EndProject
Project("{8BC9CEB8-8B4A-11D0-8D11-00A0C91BC942}") = "doxygen_RockPaperScissors", "doxygen_RockPaperScissors.vcxproj", "{C9FB05E7-56AC-4679-9DD1-3C6402E5392F}"
	ProjectSection(ProjectDependencies) = postProject
		{87493064-6817-4173-BA90-7F469034490A} = {87493064-6817-4173-BA90-7F469034490A}
	EndProjectSection
EndProject
Project("{8BC9CEB8-8B4A-11D0-8D11-00A0C91BC942}") = "uninstall_RockPaperScissors", "uninstall_RockPaperScissors.vcxproj", "{B1B37740-4FFF-40F1-BC8F-E09A27F5045A}"
	ProjectSection(ProjectDependencies) = postProject
		{87493064-6817-4173-BA90-7F469034490A} = {87493064-6817-4173-BA90-7F469034490A}
	EndProjectSection
EndProject
Global
	GlobalSection(SolutionConfigurationPlatforms) = preSolution
		Debug|Win32 = Debug|Win32
		Release|Win32 = Release|Win32
		MinSizeRel|Win32 = MinSizeRel|Win32
		RelWithDebInfo|Win32 = RelWithDebInfo|Win32
	EndGlobalSection
	GlobalSection(ProjectConfigurationPlatforms) = postSolution
		{B947F6ED-BEAA-4A93-AB1F-586DF141AC43}.Debug|Win32.ActiveCfg = Debug|Win32
		{B947F6ED-BEAA-4A93-AB1F-586DF141AC43}.Debug|Win32.Build.0 = Debug|Win32
		{B947F6ED-BEAA-4A93-AB1F-586DF141AC43}.Release|Win32.ActiveCfg = Release|Win32
		{B947F6ED-BEAA-4A93-AB1F-586DF141AC43}.Release|Win32.Build.0 = Release|Win32
		{B947F6ED-BEAA-4A93-AB1F-586DF141AC43}.MinSizeRel|Win32.ActiveCfg = MinSizeRel|Win32
		{B947F6ED-BEAA-4A93-AB1F-586DF141AC43}.MinSizeRel|Win32.Build.0 = MinSizeRel|Win32
		{B947F6ED-BEAA-4A93-AB1F-586DF141AC43}.RelWithDebInfo|Win32.ActiveCfg = RelWithDebInfo|Win32
		{B947F6ED-BEAA-4A93-AB1F-586DF141AC43}.RelWithDebInfo|Win32.Build.0 = RelWithDebInfo|Win32
		{0F103D78-0F29-4905-BDD6-10170713B2B6}.Debug|Win32.ActiveCfg = Debug|Win32
		{0F103D78-0F29-4905-BDD6-10170713B2B6}.Release|Win32.ActiveCfg = Release|Win32
		{0F103D78-0F29-4905-BDD6-10170713B2B6}.MinSizeRel|Win32.ActiveCfg = MinSizeRel|Win32
		{0F103D78-0F29-4905-BDD6-10170713B2B6}.RelWithDebInfo|Win32.ActiveCfg = RelWithDebInfo|Win32
		{33F42C36-1EE4-4E2E-A533-F95493177B79}.Debug|Win32.ActiveCfg = Debug|Win32
		{33F42C36-1EE4-4E2E-A533-F95493177B79}.Release|Win32.ActiveCfg = Release|Win32
		{33F42C36-1EE4-4E2E-A533-F95493177B79}.MinSizeRel|Win32.ActiveCfg = MinSizeRel|Win32
		{33F42C36-1EE4-4E2E-A533-F95493177B79}.RelWithDebInfo|Win32.ActiveCfg = RelWithDebInfo|Win32
		{D4322820-36DD-4393-A24A-EFD727662EE4}.Debug|Win32.ActiveCfg = Debug|Win32
		{D4322820-36DD-4393-A24A-EFD727662EE4}.Debug|Win32.Build.0 = Debug|Win32
		{D4322820-36DD-4393-A24A-EFD727662EE4}.Release|Win32.ActiveCfg = Release|Win32
		{D4322820-36DD-4393-A24A-EFD727662EE4}.Release|Win32.Build.0 = Release|Win32
		{D4322820-36DD-4393-A24A-EFD727662EE4}.MinSizeRel|Win32.ActiveCfg = MinSizeRel|Win32
		{D4322820-36DD-4393-A24A-EFD727662EE4}.MinSizeRel|Win32.Build.0 = MinSizeRel|Win32
		{D4322820-36DD-4393-A24A-EFD727662EE4}.RelWithDebInfo|Win32.ActiveCfg = RelWithDebInfo|Win32
		{D4322820-36DD-4393-A24A-EFD727662EE4}.RelWithDebInfo|Win32.Build.0 = RelWithDebInfo|Win32
		{3A0CB1E4-2BD9-4C26-9CE6-06BEB5FCA3DE}.Debug|Win32.ActiveCfg = Debug|Win32
		{3A0CB1E4-2BD9-4C26-9CE6-06BEB5FCA3DE}.Debug|Win32.Build.0 = Debug|Win32
		{3A0CB1E4-2BD9-4C26-9CE6-06BEB5FCA3DE}.Release|Win32.ActiveCfg = Release|Win32
		{3A0CB1E4-2BD9-4C26-9CE6-06BEB5FCA3DE}.Release|Win32.Build.0 = Release|Win32
		{3A0CB1E4-2BD9-4C26-9CE6-06BEB5FCA3DE}.MinSizeRel|Win32.ActiveCfg = MinSizeRel|Win32
		{3A0CB1E4-2BD9-4C26-9CE6-06BEB5FCA3DE}.MinSizeRel|Win32.Build.0 = MinSizeRel|Win32
		{3A0CB1E4-2BD9-4C26-9CE6-06BEB5FCA3DE}.RelWithDebInfo|Win32.ActiveCfg = RelWithDebInfo|Win32
		{3A0CB1E4-2BD9-4C26-9CE6-06BEB5FCA3DE}.RelWithDebInfo|Win32.Build.0 = RelWithDebInfo|Win32
		{87493064-6817-4173-BA90-7F469034490A}.Debug|Win32.ActiveCfg = Debug|Win32
		{87493064-6817-4173-BA90-7F469034490A}.Debug|Win32.Build.0 = Debug|Win32
		{87493064-6817-4173-BA90-7F469034490A}.Release|Win32.ActiveCfg = Release|Win32
		{87493064-6817-4173-BA90-7F469034490A}.Release|Win32.Build.0 = Release|Win32
		{87493064-6817-4173-BA90-7F469034490A}.MinSizeRel|Win32.ActiveCfg = MinSizeRel|Win32
		{87493064-6817-4173-BA90-7F469034490A}.MinSizeRel|Win32.Build.0 = MinSizeRel|Win32
		{87493064-6817-4173-BA90-7F469034490A}.RelWithDebInfo|Win32.ActiveCfg = RelWithDebInfo|Win32
		{87493064-6817-4173-BA90-7F469034490A}.RelWithDebInfo|Win32.Build.0 = RelWithDebInfo|Win32
		{C9FB05E7-56AC-4679-9DD1-3C6402E5392F}.Debug|Win32.ActiveCfg = Debug|Win32
		{C9FB05E7-56AC-4679-9DD1-3C6402E5392F}.Release|Win32.ActiveCfg = Release|Win32
		{C9FB05E7-56AC-4679-9DD1-3C6402E5392F}.MinSizeRel|Win32.ActiveCfg = MinSizeRel|Win32
		{C9FB05E7-56AC-4679-9DD1-3C6402E5392F}.RelWithDebInfo|Win32.ActiveCfg = RelWithDebInfo|Win32
		{B1B37740-4FFF-40F1-BC8F-E09A27F5045A}.Debug|Win32.ActiveCfg = Debug|Win32
		{B1B37740-4FFF-40F1-BC8F-E09A27F5045A}.Release|Win32.ActiveCfg = Release|Win32
		{B1B37740-4FFF-40F1-BC8F-E09A27F5045A}.MinSizeRel|Win32.ActiveCfg = MinSizeRel|Win32
		{B1B37740-4FFF-40F1-BC8F-E09A27F5045A}.RelWithDebInfo|Win32.ActiveCfg = RelWithDebInfo|Win32
	EndGlobalSection
	GlobalSection(ExtensibilityGlobals) = postSolution
	EndGlobalSection
	GlobalSection(ExtensibilityAddIns) = postSolution
	EndGlobalSection
EndGlobal
