Microsoft Visual Studio Solution File, Format Version 10.00
# Visual Studio 2008
Project("{8BC9CEB8-8B4A-11D0-8D11-00A0C91BC942}") = "DilationErosionComp", "DilationErosionComp_vc9.vcproj", "{76C6AD71-AAD6-4E6F-912C-A26A028228FB}"
	ProjectSection(ProjectDependencies) = postProject
	EndProjectSection
EndProject
Project("{8BC9CEB8-8B4A-11D0-8D11-00A0C91BC942}") = "DilationErosion", "DilationErosion_vc9.vcproj", "{3F59E3F5-60D9-4284-8100-39F2EA9EADD2}"
	ProjectSection(ProjectDependencies) = postProject
	EndProjectSection
EndProject
Global
	GlobalSection(SolutionConfigurationPlatforms) = preSolution
		Release|Win32 = Release|Win32
		Debug|Win32 = Debug|Win32
	EndGlobalSection
	GlobalSection(ProjectConfigurationPlatforms) = postSolution
		{76C6AD71-AAD6-4E6F-912C-A26A028228FB}.Release|Win32.ActiveCfg = Release|Win32
		{76C6AD71-AAD6-4E6F-912C-A26A028228FB}.Release|Win32.Build.0   = Release|Win32
		{76C6AD71-AAD6-4E6F-912C-A26A028228FB}.Debug|Win32.ActiveCfg = Debug|Win32
		{76C6AD71-AAD6-4E6F-912C-A26A028228FB}.Debug|Win32.Build.0   = Debug|Win32
		{3F59E3F5-60D9-4284-8100-39F2EA9EADD2}.Release|Win32.ActiveCfg = Release|Win32
		{3F59E3F5-60D9-4284-8100-39F2EA9EADD2}.Release|Win32.Build.0   = Release|Win32
		{3F59E3F5-60D9-4284-8100-39F2EA9EADD2}.Debug|Win32.ActiveCfg = Debug|Win32
		{3F59E3F5-60D9-4284-8100-39F2EA9EADD2}.Debug|Win32.Build.0   = Debug|Win32
	EndGlobalSection
	GlobalSection(SolutionProperties) = preSolution
		HideSolutionNode = FALSE
	EndGlobalSection
EndGlobal
