Microsoft Visual Studio Solution File, Format Version 11.00
# Visual Studio 2010
Project("{8BC9CEB8-8B4A-11D0-8D11-00A0C91BC942}") = "ALL_BUILD", "ALL_BUILD.vcxproj", "{B947F6ED-BEAA-4A93-AB1F-586DF141AC43}"
	ProjectSection(ProjectDependencies) = postProject
		{CF5A61C0-A270-47B7-BA12-924815784533} = {CF5A61C0-A270-47B7-BA12-924815784533}
		{18E4796A-7322-4653-A768-EF074B160F27} = {18E4796A-7322-4653-A768-EF074B160F27}
	EndProjectSection
EndProject
Project("{8BC9CEB8-8B4A-11D0-8D11-00A0C91BC942}") = "CameraViewer", "CameraViewer.vcxproj", "{CF5A61C0-A270-47B7-BA12-924815784533}"
	ProjectSection(ProjectDependencies) = postProject
		{87493064-6817-4173-BA90-7F469034490A} = {87493064-6817-4173-BA90-7F469034490A}
	EndProjectSection
EndProject
Project("{8BC9CEB8-8B4A-11D0-8D11-00A0C91BC942}") = "CameraViewerComp", "CameraViewerComp.vcxproj", "{18E4796A-7322-4653-A768-EF074B160F27}"
	ProjectSection(ProjectDependencies) = postProject
		{CF5A61C0-A270-47B7-BA12-924815784533} = {CF5A61C0-A270-47B7-BA12-924815784533}
		{87493064-6817-4173-BA90-7F469034490A} = {87493064-6817-4173-BA90-7F469034490A}
	EndProjectSection
EndProject
Project("{8BC9CEB8-8B4A-11D0-8D11-00A0C91BC942}") = "INSTALL", "INSTALL.vcxproj", "{0F103D78-0F29-4905-BDD6-10170713B2B6}"
	ProjectSection(ProjectDependencies) = postProject
		{B947F6ED-BEAA-4A93-AB1F-586DF141AC43} = {B947F6ED-BEAA-4A93-AB1F-586DF141AC43}
	EndProjectSection
EndProject
Project("{8BC9CEB8-8B4A-11D0-8D11-00A0C91BC942}") = "PACKAGE", "PACKAGE.vcxproj", "{33F42C36-1EE4-4E2E-A533-F95493177B79}"
	ProjectSection(ProjectDependencies) = postProject
		{B947F6ED-BEAA-4A93-AB1F-586DF141AC43} = {B947F6ED-BEAA-4A93-AB1F-586DF141AC43}
	EndProjectSection
EndProject
Project("{8BC9CEB8-8B4A-11D0-8D11-00A0C91BC942}") = "ZERO_CHECK", "..\..\ZERO_CHECK.vcxproj", "{87493064-6817-4173-BA90-7F469034490A}"
	ProjectSection(ProjectDependencies) = postProject
	EndProjectSection
EndProject
Project("{8BC9CEB8-8B4A-11D0-8D11-00A0C91BC942}") = "doxygen_CameraViewer", "doxygen_CameraViewer.vcxproj", "{D2A83C82-EF14-4315-B954-79B0F8DEA035}"
	ProjectSection(ProjectDependencies) = postProject
		{87493064-6817-4173-BA90-7F469034490A} = {87493064-6817-4173-BA90-7F469034490A}
	EndProjectSection
EndProject
Project("{8BC9CEB8-8B4A-11D0-8D11-00A0C91BC942}") = "uninstall_CameraViewer", "uninstall_CameraViewer.vcxproj", "{0E27EE02-45F4-43B2-990C-869F9F4C4BC6}"
	ProjectSection(ProjectDependencies) = postProject
		{87493064-6817-4173-BA90-7F469034490A} = {87493064-6817-4173-BA90-7F469034490A}
	EndProjectSection
EndProject
Global
	GlobalSection(SolutionConfigurationPlatforms) = preSolution
		Debug|Win32 = Debug|Win32
		Release|Win32 = Release|Win32
		MinSizeRel|Win32 = MinSizeRel|Win32
		RelWithDebInfo|Win32 = RelWithDebInfo|Win32
	EndGlobalSection
	GlobalSection(ProjectConfigurationPlatforms) = postSolution
		{B947F6ED-BEAA-4A93-AB1F-586DF141AC43}.Debug|Win32.ActiveCfg = Debug|Win32
		{B947F6ED-BEAA-4A93-AB1F-586DF141AC43}.Debug|Win32.Build.0 = Debug|Win32
		{B947F6ED-BEAA-4A93-AB1F-586DF141AC43}.Release|Win32.ActiveCfg = Release|Win32
		{B947F6ED-BEAA-4A93-AB1F-586DF141AC43}.Release|Win32.Build.0 = Release|Win32
		{B947F6ED-BEAA-4A93-AB1F-586DF141AC43}.MinSizeRel|Win32.ActiveCfg = MinSizeRel|Win32
		{B947F6ED-BEAA-4A93-AB1F-586DF141AC43}.MinSizeRel|Win32.Build.0 = MinSizeRel|Win32
		{B947F6ED-BEAA-4A93-AB1F-586DF141AC43}.RelWithDebInfo|Win32.ActiveCfg = RelWithDebInfo|Win32
		{B947F6ED-BEAA-4A93-AB1F-586DF141AC43}.RelWithDebInfo|Win32.Build.0 = RelWithDebInfo|Win32
		{CF5A61C0-A270-47B7-BA12-924815784533}.Debug|Win32.ActiveCfg = Debug|Win32
		{CF5A61C0-A270-47B7-BA12-924815784533}.Debug|Win32.Build.0 = Debug|Win32
		{CF5A61C0-A270-47B7-BA12-924815784533}.Release|Win32.ActiveCfg = Release|Win32
		{CF5A61C0-A270-47B7-BA12-924815784533}.Release|Win32.Build.0 = Release|Win32
		{CF5A61C0-A270-47B7-BA12-924815784533}.MinSizeRel|Win32.ActiveCfg = MinSizeRel|Win32
		{CF5A61C0-A270-47B7-BA12-924815784533}.MinSizeRel|Win32.Build.0 = MinSizeRel|Win32
		{CF5A61C0-A270-47B7-BA12-924815784533}.RelWithDebInfo|Win32.ActiveCfg = RelWithDebInfo|Win32
		{CF5A61C0-A270-47B7-BA12-924815784533}.RelWithDebInfo|Win32.Build.0 = RelWithDebInfo|Win32
		{18E4796A-7322-4653-A768-EF074B160F27}.Debug|Win32.ActiveCfg = Debug|Win32
		{18E4796A-7322-4653-A768-EF074B160F27}.Debug|Win32.Build.0 = Debug|Win32
		{18E4796A-7322-4653-A768-EF074B160F27}.Release|Win32.ActiveCfg = Release|Win32
		{18E4796A-7322-4653-A768-EF074B160F27}.Release|Win32.Build.0 = Release|Win32
		{18E4796A-7322-4653-A768-EF074B160F27}.MinSizeRel|Win32.ActiveCfg = MinSizeRel|Win32
		{18E4796A-7322-4653-A768-EF074B160F27}.MinSizeRel|Win32.Build.0 = MinSizeRel|Win32
		{18E4796A-7322-4653-A768-EF074B160F27}.RelWithDebInfo|Win32.ActiveCfg = RelWithDebInfo|Win32
		{18E4796A-7322-4653-A768-EF074B160F27}.RelWithDebInfo|Win32.Build.0 = RelWithDebInfo|Win32
		{0F103D78-0F29-4905-BDD6-10170713B2B6}.Debug|Win32.ActiveCfg = Debug|Win32
		{0F103D78-0F29-4905-BDD6-10170713B2B6}.Release|Win32.ActiveCfg = Release|Win32
		{0F103D78-0F29-4905-BDD6-10170713B2B6}.MinSizeRel|Win32.ActiveCfg = MinSizeRel|Win32
		{0F103D78-0F29-4905-BDD6-10170713B2B6}.RelWithDebInfo|Win32.ActiveCfg = RelWithDebInfo|Win32
		{33F42C36-1EE4-4E2E-A533-F95493177B79}.Debug|Win32.ActiveCfg = Debug|Win32
		{33F42C36-1EE4-4E2E-A533-F95493177B79}.Release|Win32.ActiveCfg = Release|Win32
		{33F42C36-1EE4-4E2E-A533-F95493177B79}.MinSizeRel|Win32.ActiveCfg = MinSizeRel|Win32
		{33F42C36-1EE4-4E2E-A533-F95493177B79}.RelWithDebInfo|Win32.ActiveCfg = RelWithDebInfo|Win32
		{87493064-6817-4173-BA90-7F469034490A}.Debug|Win32.ActiveCfg = Debug|Win32
		{87493064-6817-4173-BA90-7F469034490A}.Debug|Win32.Build.0 = Debug|Win32
		{87493064-6817-4173-BA90-7F469034490A}.Release|Win32.ActiveCfg = Release|Win32
		{87493064-6817-4173-BA90-7F469034490A}.Release|Win32.Build.0 = Release|Win32
		{87493064-6817-4173-BA90-7F469034490A}.MinSizeRel|Win32.ActiveCfg = MinSizeRel|Win32
		{87493064-6817-4173-BA90-7F469034490A}.MinSizeRel|Win32.Build.0 = MinSizeRel|Win32
		{87493064-6817-4173-BA90-7F469034490A}.RelWithDebInfo|Win32.ActiveCfg = RelWithDebInfo|Win32
		{87493064-6817-4173-BA90-7F469034490A}.RelWithDebInfo|Win32.Build.0 = RelWithDebInfo|Win32
		{D2A83C82-EF14-4315-B954-79B0F8DEA035}.Debug|Win32.ActiveCfg = Debug|Win32
		{D2A83C82-EF14-4315-B954-79B0F8DEA035}.Release|Win32.ActiveCfg = Release|Win32
		{D2A83C82-EF14-4315-B954-79B0F8DEA035}.MinSizeRel|Win32.ActiveCfg = MinSizeRel|Win32
		{D2A83C82-EF14-4315-B954-79B0F8DEA035}.RelWithDebInfo|Win32.ActiveCfg = RelWithDebInfo|Win32
		{0E27EE02-45F4-43B2-990C-869F9F4C4BC6}.Debug|Win32.ActiveCfg = Debug|Win32
		{0E27EE02-45F4-43B2-990C-869F9F4C4BC6}.Release|Win32.ActiveCfg = Release|Win32
		{0E27EE02-45F4-43B2-990C-869F9F4C4BC6}.MinSizeRel|Win32.ActiveCfg = MinSizeRel|Win32
		{0E27EE02-45F4-43B2-990C-869F9F4C4BC6}.RelWithDebInfo|Win32.ActiveCfg = RelWithDebInfo|Win32
	EndGlobalSection
	GlobalSection(ExtensibilityGlobals) = postSolution
	EndGlobalSection
	GlobalSection(ExtensibilityAddIns) = postSolution
	EndGlobalSection
EndGlobal
