Microsoft Visual Studio Solution File, Format Version 11.00
# Visual Studio 2010
Project("{8BC9CEB8-8B4A-11D0-8D11-00A0C91BC942}") = "ALL_BUILD", "ALL_BUILD.vcxproj", "{B947F6ED-BEAA-4A93-AB1F-586DF141AC43}"
	ProjectSection(ProjectDependencies) = postProject
		{4ECE8D87-CA8B-4A34-AE4C-60BF3D82F9E9} = {4ECE8D87-CA8B-4A34-AE4C-60BF3D82F9E9}
		{49A78619-FDA0-453F-9382-EE640B2A9886} = {49A78619-FDA0-453F-9382-EE640B2A9886}
	EndProjectSection
EndProject
Project("{8BC9CEB8-8B4A-11D0-8D11-00A0C91BC942}") = "Flip", "Flip.vcxproj", "{4ECE8D87-CA8B-4A34-AE4C-60BF3D82F9E9}"
	ProjectSection(ProjectDependencies) = postProject
		{87493064-6817-4173-BA90-7F469034490A} = {87493064-6817-4173-BA90-7F469034490A}
	EndProjectSection
EndProject
Project("{8BC9CEB8-8B4A-11D0-8D11-00A0C91BC942}") = "FlipComp", "FlipComp.vcxproj", "{49A78619-FDA0-453F-9382-EE640B2A9886}"
	ProjectSection(ProjectDependencies) = postProject
		{4ECE8D87-CA8B-4A34-AE4C-60BF3D82F9E9} = {4ECE8D87-CA8B-4A34-AE4C-60BF3D82F9E9}
		{87493064-6817-4173-BA90-7F469034490A} = {87493064-6817-4173-BA90-7F469034490A}
	EndProjectSection
EndProject
Project("{8BC9CEB8-8B4A-11D0-8D11-00A0C91BC942}") = "INSTALL", "INSTALL.vcxproj", "{0F103D78-0F29-4905-BDD6-10170713B2B6}"
	ProjectSection(ProjectDependencies) = postProject
		{B947F6ED-BEAA-4A93-AB1F-586DF141AC43} = {B947F6ED-BEAA-4A93-AB1F-586DF141AC43}
	EndProjectSection
EndProject
Project("{8BC9CEB8-8B4A-11D0-8D11-00A0C91BC942}") = "PACKAGE", "PACKAGE.vcxproj", "{33F42C36-1EE4-4E2E-A533-F95493177B79}"
	ProjectSection(ProjectDependencies) = postProject
		{B947F6ED-BEAA-4A93-AB1F-586DF141AC43} = {B947F6ED-BEAA-4A93-AB1F-586DF141AC43}
	EndProjectSection
EndProject
Project("{8BC9CEB8-8B4A-11D0-8D11-00A0C91BC942}") = "ZERO_CHECK", "..\..\ZERO_CHECK.vcxproj", "{87493064-6817-4173-BA90-7F469034490A}"
	ProjectSection(ProjectDependencies) = postProject
	EndProjectSection
EndProject
Project("{8BC9CEB8-8B4A-11D0-8D11-00A0C91BC942}") = "doxygen_Flip", "doxygen_Flip.vcxproj", "{4356E8F0-8719-43E0-B994-EB678B1D4A0D}"
	ProjectSection(ProjectDependencies) = postProject
		{87493064-6817-4173-BA90-7F469034490A} = {87493064-6817-4173-BA90-7F469034490A}
	EndProjectSection
EndProject
Project("{8BC9CEB8-8B4A-11D0-8D11-00A0C91BC942}") = "uninstall_Flip", "uninstall_Flip.vcxproj", "{F123C430-6EE8-48AA-AA9D-B83CECD1C4B2}"
	ProjectSection(ProjectDependencies) = postProject
		{87493064-6817-4173-BA90-7F469034490A} = {87493064-6817-4173-BA90-7F469034490A}
	EndProjectSection
EndProject
Global
	GlobalSection(SolutionConfigurationPlatforms) = preSolution
		Debug|Win32 = Debug|Win32
		Release|Win32 = Release|Win32
		MinSizeRel|Win32 = MinSizeRel|Win32
		RelWithDebInfo|Win32 = RelWithDebInfo|Win32
	EndGlobalSection
	GlobalSection(ProjectConfigurationPlatforms) = postSolution
		{B947F6ED-BEAA-4A93-AB1F-586DF141AC43}.Debug|Win32.ActiveCfg = Debug|Win32
		{B947F6ED-BEAA-4A93-AB1F-586DF141AC43}.Debug|Win32.Build.0 = Debug|Win32
		{B947F6ED-BEAA-4A93-AB1F-586DF141AC43}.Release|Win32.ActiveCfg = Release|Win32
		{B947F6ED-BEAA-4A93-AB1F-586DF141AC43}.Release|Win32.Build.0 = Release|Win32
		{B947F6ED-BEAA-4A93-AB1F-586DF141AC43}.MinSizeRel|Win32.ActiveCfg = MinSizeRel|Win32
		{B947F6ED-BEAA-4A93-AB1F-586DF141AC43}.MinSizeRel|Win32.Build.0 = MinSizeRel|Win32
		{B947F6ED-BEAA-4A93-AB1F-586DF141AC43}.RelWithDebInfo|Win32.ActiveCfg = RelWithDebInfo|Win32
		{B947F6ED-BEAA-4A93-AB1F-586DF141AC43}.RelWithDebInfo|Win32.Build.0 = RelWithDebInfo|Win32
		{4ECE8D87-CA8B-4A34-AE4C-60BF3D82F9E9}.Debug|Win32.ActiveCfg = Debug|Win32
		{4ECE8D87-CA8B-4A34-AE4C-60BF3D82F9E9}.Debug|Win32.Build.0 = Debug|Win32
		{4ECE8D87-CA8B-4A34-AE4C-60BF3D82F9E9}.Release|Win32.ActiveCfg = Release|Win32
		{4ECE8D87-CA8B-4A34-AE4C-60BF3D82F9E9}.Release|Win32.Build.0 = Release|Win32
		{4ECE8D87-CA8B-4A34-AE4C-60BF3D82F9E9}.MinSizeRel|Win32.ActiveCfg = MinSizeRel|Win32
		{4ECE8D87-CA8B-4A34-AE4C-60BF3D82F9E9}.MinSizeRel|Win32.Build.0 = MinSizeRel|Win32
		{4ECE8D87-CA8B-4A34-AE4C-60BF3D82F9E9}.RelWithDebInfo|Win32.ActiveCfg = RelWithDebInfo|Win32
		{4ECE8D87-CA8B-4A34-AE4C-60BF3D82F9E9}.RelWithDebInfo|Win32.Build.0 = RelWithDebInfo|Win32
		{49A78619-FDA0-453F-9382-EE640B2A9886}.Debug|Win32.ActiveCfg = Debug|Win32
		{49A78619-FDA0-453F-9382-EE640B2A9886}.Debug|Win32.Build.0 = Debug|Win32
		{49A78619-FDA0-453F-9382-EE640B2A9886}.Release|Win32.ActiveCfg = Release|Win32
		{49A78619-FDA0-453F-9382-EE640B2A9886}.Release|Win32.Build.0 = Release|Win32
		{49A78619-FDA0-453F-9382-EE640B2A9886}.MinSizeRel|Win32.ActiveCfg = MinSizeRel|Win32
		{49A78619-FDA0-453F-9382-EE640B2A9886}.MinSizeRel|Win32.Build.0 = MinSizeRel|Win32
		{49A78619-FDA0-453F-9382-EE640B2A9886}.RelWithDebInfo|Win32.ActiveCfg = RelWithDebInfo|Win32
		{49A78619-FDA0-453F-9382-EE640B2A9886}.RelWithDebInfo|Win32.Build.0 = RelWithDebInfo|Win32
		{0F103D78-0F29-4905-BDD6-10170713B2B6}.Debug|Win32.ActiveCfg = Debug|Win32
		{0F103D78-0F29-4905-BDD6-10170713B2B6}.Release|Win32.ActiveCfg = Release|Win32
		{0F103D78-0F29-4905-BDD6-10170713B2B6}.MinSizeRel|Win32.ActiveCfg = MinSizeRel|Win32
		{0F103D78-0F29-4905-BDD6-10170713B2B6}.RelWithDebInfo|Win32.ActiveCfg = RelWithDebInfo|Win32
		{33F42C36-1EE4-4E2E-A533-F95493177B79}.Debug|Win32.ActiveCfg = Debug|Win32
		{33F42C36-1EE4-4E2E-A533-F95493177B79}.Release|Win32.ActiveCfg = Release|Win32
		{33F42C36-1EE4-4E2E-A533-F95493177B79}.MinSizeRel|Win32.ActiveCfg = MinSizeRel|Win32
		{33F42C36-1EE4-4E2E-A533-F95493177B79}.RelWithDebInfo|Win32.ActiveCfg = RelWithDebInfo|Win32
		{87493064-6817-4173-BA90-7F469034490A}.Debug|Win32.ActiveCfg = Debug|Win32
		{87493064-6817-4173-BA90-7F469034490A}.Debug|Win32.Build.0 = Debug|Win32
		{87493064-6817-4173-BA90-7F469034490A}.Release|Win32.ActiveCfg = Release|Win32
		{87493064-6817-4173-BA90-7F469034490A}.Release|Win32.Build.0 = Release|Win32
		{87493064-6817-4173-BA90-7F469034490A}.MinSizeRel|Win32.ActiveCfg = MinSizeRel|Win32
		{87493064-6817-4173-BA90-7F469034490A}.MinSizeRel|Win32.Build.0 = MinSizeRel|Win32
		{87493064-6817-4173-BA90-7F469034490A}.RelWithDebInfo|Win32.ActiveCfg = RelWithDebInfo|Win32
		{87493064-6817-4173-BA90-7F469034490A}.RelWithDebInfo|Win32.Build.0 = RelWithDebInfo|Win32
		{4356E8F0-8719-43E0-B994-EB678B1D4A0D}.Debug|Win32.ActiveCfg = Debug|Win32
		{4356E8F0-8719-43E0-B994-EB678B1D4A0D}.Release|Win32.ActiveCfg = Release|Win32
		{4356E8F0-8719-43E0-B994-EB678B1D4A0D}.MinSizeRel|Win32.ActiveCfg = MinSizeRel|Win32
		{4356E8F0-8719-43E0-B994-EB678B1D4A0D}.RelWithDebInfo|Win32.ActiveCfg = RelWithDebInfo|Win32
		{F123C430-6EE8-48AA-AA9D-B83CECD1C4B2}.Debug|Win32.ActiveCfg = Debug|Win32
		{F123C430-6EE8-48AA-AA9D-B83CECD1C4B2}.Release|Win32.ActiveCfg = Release|Win32
		{F123C430-6EE8-48AA-AA9D-B83CECD1C4B2}.MinSizeRel|Win32.ActiveCfg = MinSizeRel|Win32
		{F123C430-6EE8-48AA-AA9D-B83CECD1C4B2}.RelWithDebInfo|Win32.ActiveCfg = RelWithDebInfo|Win32
	EndGlobalSection
	GlobalSection(ExtensibilityGlobals) = postSolution
	EndGlobalSection
	GlobalSection(ExtensibilityAddIns) = postSolution
	EndGlobalSection
EndGlobal
