Microsoft Visual Studio Solution File, Format Version 11.00
# Visual Studio 2010
Project("{8BC9CEB8-8B4A-11D0-8D11-00A0C91BC942}") = "ALL_BUILD", "ALL_BUILD.vcxproj", "{DDA405B9-13CE-4B37-B12B-632EE6D5AED7}"
	ProjectSection(ProjectDependencies) = postProject
		{DA87184D-9D6A-406A-8AFC-E6A07F8A088B} = {DA87184D-9D6A-406A-8AFC-E6A07F8A088B}
		{835EA72B-CE5F-4181-B227-8242C37713CB} = {835EA72B-CE5F-4181-B227-8242C37713CB}
	EndProjectSection
EndProject
Project("{8BC9CEB8-8B4A-11D0-8D11-00A0C91BC942}") = "Flip", "Flip.vcxproj", "{DA87184D-9D6A-406A-8AFC-E6A07F8A088B}"
	ProjectSection(ProjectDependencies) = postProject
		{6AA3C512-6CB8-4F43-8AB6-036275B3CEF3} = {6AA3C512-6CB8-4F43-8AB6-036275B3CEF3}
	EndProjectSection
EndProject
Project("{8BC9CEB8-8B4A-11D0-8D11-00A0C91BC942}") = "FlipComp", "FlipComp.vcxproj", "{835EA72B-CE5F-4181-B227-8242C37713CB}"
	ProjectSection(ProjectDependencies) = postProject
		{DA87184D-9D6A-406A-8AFC-E6A07F8A088B} = {DA87184D-9D6A-406A-8AFC-E6A07F8A088B}
		{6AA3C512-6CB8-4F43-8AB6-036275B3CEF3} = {6AA3C512-6CB8-4F43-8AB6-036275B3CEF3}
	EndProjectSection
EndProject
Project("{8BC9CEB8-8B4A-11D0-8D11-00A0C91BC942}") = "INSTALL", "INSTALL.vcxproj", "{7C3D1454-4C08-4F48-8747-BD14546BF019}"
	ProjectSection(ProjectDependencies) = postProject
		{DDA405B9-13CE-4B37-B12B-632EE6D5AED7} = {DDA405B9-13CE-4B37-B12B-632EE6D5AED7}
	EndProjectSection
EndProject
Project("{8BC9CEB8-8B4A-11D0-8D11-00A0C91BC942}") = "PACKAGE", "PACKAGE.vcxproj", "{1E33EFA4-E4C5-4CD5-A48D-B5D5E132E32C}"
	ProjectSection(ProjectDependencies) = postProject
		{DDA405B9-13CE-4B37-B12B-632EE6D5AED7} = {DDA405B9-13CE-4B37-B12B-632EE6D5AED7}
	EndProjectSection
EndProject
Project("{8BC9CEB8-8B4A-11D0-8D11-00A0C91BC942}") = "ZERO_CHECK", "..\..\ZERO_CHECK.vcxproj", "{6AA3C512-6CB8-4F43-8AB6-036275B3CEF3}"
	ProjectSection(ProjectDependencies) = postProject
	EndProjectSection
EndProject
Project("{8BC9CEB8-8B4A-11D0-8D11-00A0C91BC942}") = "doxygen_Flip", "doxygen_Flip.vcxproj", "{B30C85CD-F3AA-412E-ADD3-389EFBA6BB41}"
	ProjectSection(ProjectDependencies) = postProject
		{6AA3C512-6CB8-4F43-8AB6-036275B3CEF3} = {6AA3C512-6CB8-4F43-8AB6-036275B3CEF3}
	EndProjectSection
EndProject
Project("{8BC9CEB8-8B4A-11D0-8D11-00A0C91BC942}") = "uninstall_Flip", "uninstall_Flip.vcxproj", "{D5D1E4E1-5A30-4CFA-8E2C-704495DD9372}"
	ProjectSection(ProjectDependencies) = postProject
		{6AA3C512-6CB8-4F43-8AB6-036275B3CEF3} = {6AA3C512-6CB8-4F43-8AB6-036275B3CEF3}
	EndProjectSection
EndProject
Global
	GlobalSection(SolutionConfigurationPlatforms) = preSolution
		Debug|Win32 = Debug|Win32
		Release|Win32 = Release|Win32
		MinSizeRel|Win32 = MinSizeRel|Win32
		RelWithDebInfo|Win32 = RelWithDebInfo|Win32
	EndGlobalSection
	GlobalSection(ProjectConfigurationPlatforms) = postSolution
		{DDA405B9-13CE-4B37-B12B-632EE6D5AED7}.Debug|Win32.ActiveCfg = Debug|Win32
		{DDA405B9-13CE-4B37-B12B-632EE6D5AED7}.Debug|Win32.Build.0 = Debug|Win32
		{DDA405B9-13CE-4B37-B12B-632EE6D5AED7}.Release|Win32.ActiveCfg = Release|Win32
		{DDA405B9-13CE-4B37-B12B-632EE6D5AED7}.Release|Win32.Build.0 = Release|Win32
		{DDA405B9-13CE-4B37-B12B-632EE6D5AED7}.MinSizeRel|Win32.ActiveCfg = MinSizeRel|Win32
		{DDA405B9-13CE-4B37-B12B-632EE6D5AED7}.MinSizeRel|Win32.Build.0 = MinSizeRel|Win32
		{DDA405B9-13CE-4B37-B12B-632EE6D5AED7}.RelWithDebInfo|Win32.ActiveCfg = RelWithDebInfo|Win32
		{DDA405B9-13CE-4B37-B12B-632EE6D5AED7}.RelWithDebInfo|Win32.Build.0 = RelWithDebInfo|Win32
		{DA87184D-9D6A-406A-8AFC-E6A07F8A088B}.Debug|Win32.ActiveCfg = Debug|Win32
		{DA87184D-9D6A-406A-8AFC-E6A07F8A088B}.Debug|Win32.Build.0 = Debug|Win32
		{DA87184D-9D6A-406A-8AFC-E6A07F8A088B}.Release|Win32.ActiveCfg = Release|Win32
		{DA87184D-9D6A-406A-8AFC-E6A07F8A088B}.Release|Win32.Build.0 = Release|Win32
		{DA87184D-9D6A-406A-8AFC-E6A07F8A088B}.MinSizeRel|Win32.ActiveCfg = MinSizeRel|Win32
		{DA87184D-9D6A-406A-8AFC-E6A07F8A088B}.MinSizeRel|Win32.Build.0 = MinSizeRel|Win32
		{DA87184D-9D6A-406A-8AFC-E6A07F8A088B}.RelWithDebInfo|Win32.ActiveCfg = RelWithDebInfo|Win32
		{DA87184D-9D6A-406A-8AFC-E6A07F8A088B}.RelWithDebInfo|Win32.Build.0 = RelWithDebInfo|Win32
		{835EA72B-CE5F-4181-B227-8242C37713CB}.Debug|Win32.ActiveCfg = Debug|Win32
		{835EA72B-CE5F-4181-B227-8242C37713CB}.Debug|Win32.Build.0 = Debug|Win32
		{835EA72B-CE5F-4181-B227-8242C37713CB}.Release|Win32.ActiveCfg = Release|Win32
		{835EA72B-CE5F-4181-B227-8242C37713CB}.Release|Win32.Build.0 = Release|Win32
		{835EA72B-CE5F-4181-B227-8242C37713CB}.MinSizeRel|Win32.ActiveCfg = MinSizeRel|Win32
		{835EA72B-CE5F-4181-B227-8242C37713CB}.MinSizeRel|Win32.Build.0 = MinSizeRel|Win32
		{835EA72B-CE5F-4181-B227-8242C37713CB}.RelWithDebInfo|Win32.ActiveCfg = RelWithDebInfo|Win32
		{835EA72B-CE5F-4181-B227-8242C37713CB}.RelWithDebInfo|Win32.Build.0 = RelWithDebInfo|Win32
		{7C3D1454-4C08-4F48-8747-BD14546BF019}.Debug|Win32.ActiveCfg = Debug|Win32
		{7C3D1454-4C08-4F48-8747-BD14546BF019}.Release|Win32.ActiveCfg = Release|Win32
		{7C3D1454-4C08-4F48-8747-BD14546BF019}.MinSizeRel|Win32.ActiveCfg = MinSizeRel|Win32
		{7C3D1454-4C08-4F48-8747-BD14546BF019}.RelWithDebInfo|Win32.ActiveCfg = RelWithDebInfo|Win32
		{1E33EFA4-E4C5-4CD5-A48D-B5D5E132E32C}.Debug|Win32.ActiveCfg = Debug|Win32
		{1E33EFA4-E4C5-4CD5-A48D-B5D5E132E32C}.Release|Win32.ActiveCfg = Release|Win32
		{1E33EFA4-E4C5-4CD5-A48D-B5D5E132E32C}.MinSizeRel|Win32.ActiveCfg = MinSizeRel|Win32
		{1E33EFA4-E4C5-4CD5-A48D-B5D5E132E32C}.RelWithDebInfo|Win32.ActiveCfg = RelWithDebInfo|Win32
		{6AA3C512-6CB8-4F43-8AB6-036275B3CEF3}.Debug|Win32.ActiveCfg = Debug|Win32
		{6AA3C512-6CB8-4F43-8AB6-036275B3CEF3}.Debug|Win32.Build.0 = Debug|Win32
		{6AA3C512-6CB8-4F43-8AB6-036275B3CEF3}.Release|Win32.ActiveCfg = Release|Win32
		{6AA3C512-6CB8-4F43-8AB6-036275B3CEF3}.Release|Win32.Build.0 = Release|Win32
		{6AA3C512-6CB8-4F43-8AB6-036275B3CEF3}.MinSizeRel|Win32.ActiveCfg = MinSizeRel|Win32
		{6AA3C512-6CB8-4F43-8AB6-036275B3CEF3}.MinSizeRel|Win32.Build.0 = MinSizeRel|Win32
		{6AA3C512-6CB8-4F43-8AB6-036275B3CEF3}.RelWithDebInfo|Win32.ActiveCfg = RelWithDebInfo|Win32
		{6AA3C512-6CB8-4F43-8AB6-036275B3CEF3}.RelWithDebInfo|Win32.Build.0 = RelWithDebInfo|Win32
		{B30C85CD-F3AA-412E-ADD3-389EFBA6BB41}.Debug|Win32.ActiveCfg = Debug|Win32
		{B30C85CD-F3AA-412E-ADD3-389EFBA6BB41}.Release|Win32.ActiveCfg = Release|Win32
		{B30C85CD-F3AA-412E-ADD3-389EFBA6BB41}.MinSizeRel|Win32.ActiveCfg = MinSizeRel|Win32
		{B30C85CD-F3AA-412E-ADD3-389EFBA6BB41}.RelWithDebInfo|Win32.ActiveCfg = RelWithDebInfo|Win32
		{D5D1E4E1-5A30-4CFA-8E2C-704495DD9372}.Debug|Win32.ActiveCfg = Debug|Win32
		{D5D1E4E1-5A30-4CFA-8E2C-704495DD9372}.Release|Win32.ActiveCfg = Release|Win32
		{D5D1E4E1-5A30-4CFA-8E2C-704495DD9372}.MinSizeRel|Win32.ActiveCfg = MinSizeRel|Win32
		{D5D1E4E1-5A30-4CFA-8E2C-704495DD9372}.RelWithDebInfo|Win32.ActiveCfg = RelWithDebInfo|Win32
	EndGlobalSection
	GlobalSection(ExtensibilityGlobals) = postSolution
	EndGlobalSection
	GlobalSection(ExtensibilityAddIns) = postSolution
	EndGlobalSection
EndGlobal
