Microsoft Visual Studio Solution File, Format Version 11.00
# Visual Studio 2010
Project("{8BC9CEB8-8B4A-11D0-8D11-00A0C91BC942}") = "ALL_BUILD", "ALL_BUILD.vcxproj", "{DDA405B9-13CE-4B37-B12B-632EE6D5AED7}"
	ProjectSection(ProjectDependencies) = postProject
		{544133B4-5DEA-4961-A87A-BC7394EB1131} = {544133B4-5DEA-4961-A87A-BC7394EB1131}
		{D17F0CC7-4C53-42C2-B3E8-33255FE2DAA2} = {D17F0CC7-4C53-42C2-B3E8-33255FE2DAA2}
	EndProjectSection
EndProject
Project("{8BC9CEB8-8B4A-11D0-8D11-00A0C91BC942}") = "Affine", "Affine.vcxproj", "{544133B4-5DEA-4961-A87A-BC7394EB1131}"
	ProjectSection(ProjectDependencies) = postProject
		{6AA3C512-6CB8-4F43-8AB6-036275B3CEF3} = {6AA3C512-6CB8-4F43-8AB6-036275B3CEF3}
	EndProjectSection
EndProject
Project("{8BC9CEB8-8B4A-11D0-8D11-00A0C91BC942}") = "AffineComp", "AffineComp.vcxproj", "{D17F0CC7-4C53-42C2-B3E8-33255FE2DAA2}"
	ProjectSection(ProjectDependencies) = postProject
		{544133B4-5DEA-4961-A87A-BC7394EB1131} = {544133B4-5DEA-4961-A87A-BC7394EB1131}
		{6AA3C512-6CB8-4F43-8AB6-036275B3CEF3} = {6AA3C512-6CB8-4F43-8AB6-036275B3CEF3}
	EndProjectSection
EndProject
Project("{8BC9CEB8-8B4A-11D0-8D11-00A0C91BC942}") = "INSTALL", "INSTALL.vcxproj", "{7C3D1454-4C08-4F48-8747-BD14546BF019}"
	ProjectSection(ProjectDependencies) = postProject
		{DDA405B9-13CE-4B37-B12B-632EE6D5AED7} = {DDA405B9-13CE-4B37-B12B-632EE6D5AED7}
	EndProjectSection
EndProject
Project("{8BC9CEB8-8B4A-11D0-8D11-00A0C91BC942}") = "PACKAGE", "PACKAGE.vcxproj", "{1E33EFA4-E4C5-4CD5-A48D-B5D5E132E32C}"
	ProjectSection(ProjectDependencies) = postProject
		{DDA405B9-13CE-4B37-B12B-632EE6D5AED7} = {DDA405B9-13CE-4B37-B12B-632EE6D5AED7}
	EndProjectSection
EndProject
Project("{8BC9CEB8-8B4A-11D0-8D11-00A0C91BC942}") = "ZERO_CHECK", "..\..\ZERO_CHECK.vcxproj", "{6AA3C512-6CB8-4F43-8AB6-036275B3CEF3}"
	ProjectSection(ProjectDependencies) = postProject
	EndProjectSection
EndProject
Project("{8BC9CEB8-8B4A-11D0-8D11-00A0C91BC942}") = "doc", "doc.vcxproj", "{D2414029-5A0D-4F20-B6C7-619D6BC47CA8}"
	ProjectSection(ProjectDependencies) = postProject
		{6AA3C512-6CB8-4F43-8AB6-036275B3CEF3} = {6AA3C512-6CB8-4F43-8AB6-036275B3CEF3}
	EndProjectSection
EndProject
Project("{8BC9CEB8-8B4A-11D0-8D11-00A0C91BC942}") = "doxygen_Affine", "doxygen_Affine.vcxproj", "{91D04215-373A-4776-9335-FA58DF550132}"
	ProjectSection(ProjectDependencies) = postProject
		{6AA3C512-6CB8-4F43-8AB6-036275B3CEF3} = {6AA3C512-6CB8-4F43-8AB6-036275B3CEF3}
	EndProjectSection
EndProject
Project("{8BC9CEB8-8B4A-11D0-8D11-00A0C91BC942}") = "uninstall_Affine", "uninstall_Affine.vcxproj", "{8567312B-960B-43C2-8AED-12DFD8BB573C}"
	ProjectSection(ProjectDependencies) = postProject
		{6AA3C512-6CB8-4F43-8AB6-036275B3CEF3} = {6AA3C512-6CB8-4F43-8AB6-036275B3CEF3}
	EndProjectSection
EndProject
Global
	GlobalSection(SolutionConfigurationPlatforms) = preSolution
		Debug|Win32 = Debug|Win32
		Release|Win32 = Release|Win32
		MinSizeRel|Win32 = MinSizeRel|Win32
		RelWithDebInfo|Win32 = RelWithDebInfo|Win32
	EndGlobalSection
	GlobalSection(ProjectConfigurationPlatforms) = postSolution
		{DDA405B9-13CE-4B37-B12B-632EE6D5AED7}.Debug|Win32.ActiveCfg = Debug|Win32
		{DDA405B9-13CE-4B37-B12B-632EE6D5AED7}.Debug|Win32.Build.0 = Debug|Win32
		{DDA405B9-13CE-4B37-B12B-632EE6D5AED7}.Release|Win32.ActiveCfg = Release|Win32
		{DDA405B9-13CE-4B37-B12B-632EE6D5AED7}.Release|Win32.Build.0 = Release|Win32
		{DDA405B9-13CE-4B37-B12B-632EE6D5AED7}.MinSizeRel|Win32.ActiveCfg = MinSizeRel|Win32
		{DDA405B9-13CE-4B37-B12B-632EE6D5AED7}.MinSizeRel|Win32.Build.0 = MinSizeRel|Win32
		{DDA405B9-13CE-4B37-B12B-632EE6D5AED7}.RelWithDebInfo|Win32.ActiveCfg = RelWithDebInfo|Win32
		{DDA405B9-13CE-4B37-B12B-632EE6D5AED7}.RelWithDebInfo|Win32.Build.0 = RelWithDebInfo|Win32
		{544133B4-5DEA-4961-A87A-BC7394EB1131}.Debug|Win32.ActiveCfg = Debug|Win32
		{544133B4-5DEA-4961-A87A-BC7394EB1131}.Debug|Win32.Build.0 = Debug|Win32
		{544133B4-5DEA-4961-A87A-BC7394EB1131}.Release|Win32.ActiveCfg = Release|Win32
		{544133B4-5DEA-4961-A87A-BC7394EB1131}.Release|Win32.Build.0 = Release|Win32
		{544133B4-5DEA-4961-A87A-BC7394EB1131}.MinSizeRel|Win32.ActiveCfg = MinSizeRel|Win32
		{544133B4-5DEA-4961-A87A-BC7394EB1131}.MinSizeRel|Win32.Build.0 = MinSizeRel|Win32
		{544133B4-5DEA-4961-A87A-BC7394EB1131}.RelWithDebInfo|Win32.ActiveCfg = RelWithDebInfo|Win32
		{544133B4-5DEA-4961-A87A-BC7394EB1131}.RelWithDebInfo|Win32.Build.0 = RelWithDebInfo|Win32
		{D17F0CC7-4C53-42C2-B3E8-33255FE2DAA2}.Debug|Win32.ActiveCfg = Debug|Win32
		{D17F0CC7-4C53-42C2-B3E8-33255FE2DAA2}.Debug|Win32.Build.0 = Debug|Win32
		{D17F0CC7-4C53-42C2-B3E8-33255FE2DAA2}.Release|Win32.ActiveCfg = Release|Win32
		{D17F0CC7-4C53-42C2-B3E8-33255FE2DAA2}.Release|Win32.Build.0 = Release|Win32
		{D17F0CC7-4C53-42C2-B3E8-33255FE2DAA2}.MinSizeRel|Win32.ActiveCfg = MinSizeRel|Win32
		{D17F0CC7-4C53-42C2-B3E8-33255FE2DAA2}.MinSizeRel|Win32.Build.0 = MinSizeRel|Win32
		{D17F0CC7-4C53-42C2-B3E8-33255FE2DAA2}.RelWithDebInfo|Win32.ActiveCfg = RelWithDebInfo|Win32
		{D17F0CC7-4C53-42C2-B3E8-33255FE2DAA2}.RelWithDebInfo|Win32.Build.0 = RelWithDebInfo|Win32
		{7C3D1454-4C08-4F48-8747-BD14546BF019}.Debug|Win32.ActiveCfg = Debug|Win32
		{7C3D1454-4C08-4F48-8747-BD14546BF019}.Release|Win32.ActiveCfg = Release|Win32
		{7C3D1454-4C08-4F48-8747-BD14546BF019}.MinSizeRel|Win32.ActiveCfg = MinSizeRel|Win32
		{7C3D1454-4C08-4F48-8747-BD14546BF019}.RelWithDebInfo|Win32.ActiveCfg = RelWithDebInfo|Win32
		{1E33EFA4-E4C5-4CD5-A48D-B5D5E132E32C}.Debug|Win32.ActiveCfg = Debug|Win32
		{1E33EFA4-E4C5-4CD5-A48D-B5D5E132E32C}.Release|Win32.ActiveCfg = Release|Win32
		{1E33EFA4-E4C5-4CD5-A48D-B5D5E132E32C}.MinSizeRel|Win32.ActiveCfg = MinSizeRel|Win32
		{1E33EFA4-E4C5-4CD5-A48D-B5D5E132E32C}.RelWithDebInfo|Win32.ActiveCfg = RelWithDebInfo|Win32
		{6AA3C512-6CB8-4F43-8AB6-036275B3CEF3}.Debug|Win32.ActiveCfg = Debug|Win32
		{6AA3C512-6CB8-4F43-8AB6-036275B3CEF3}.Debug|Win32.Build.0 = Debug|Win32
		{6AA3C512-6CB8-4F43-8AB6-036275B3CEF3}.Release|Win32.ActiveCfg = Release|Win32
		{6AA3C512-6CB8-4F43-8AB6-036275B3CEF3}.Release|Win32.Build.0 = Release|Win32
		{6AA3C512-6CB8-4F43-8AB6-036275B3CEF3}.MinSizeRel|Win32.ActiveCfg = MinSizeRel|Win32
		{6AA3C512-6CB8-4F43-8AB6-036275B3CEF3}.MinSizeRel|Win32.Build.0 = MinSizeRel|Win32
		{6AA3C512-6CB8-4F43-8AB6-036275B3CEF3}.RelWithDebInfo|Win32.ActiveCfg = RelWithDebInfo|Win32
		{6AA3C512-6CB8-4F43-8AB6-036275B3CEF3}.RelWithDebInfo|Win32.Build.0 = RelWithDebInfo|Win32
		{D2414029-5A0D-4F20-B6C7-619D6BC47CA8}.Debug|Win32.ActiveCfg = Debug|Win32
		{D2414029-5A0D-4F20-B6C7-619D6BC47CA8}.Release|Win32.ActiveCfg = Release|Win32
		{D2414029-5A0D-4F20-B6C7-619D6BC47CA8}.MinSizeRel|Win32.ActiveCfg = MinSizeRel|Win32
		{D2414029-5A0D-4F20-B6C7-619D6BC47CA8}.RelWithDebInfo|Win32.ActiveCfg = RelWithDebInfo|Win32
		{91D04215-373A-4776-9335-FA58DF550132}.Debug|Win32.ActiveCfg = Debug|Win32
		{91D04215-373A-4776-9335-FA58DF550132}.Release|Win32.ActiveCfg = Release|Win32
		{91D04215-373A-4776-9335-FA58DF550132}.MinSizeRel|Win32.ActiveCfg = MinSizeRel|Win32
		{91D04215-373A-4776-9335-FA58DF550132}.RelWithDebInfo|Win32.ActiveCfg = RelWithDebInfo|Win32
		{8567312B-960B-43C2-8AED-12DFD8BB573C}.Debug|Win32.ActiveCfg = Debug|Win32
		{8567312B-960B-43C2-8AED-12DFD8BB573C}.Release|Win32.ActiveCfg = Release|Win32
		{8567312B-960B-43C2-8AED-12DFD8BB573C}.MinSizeRel|Win32.ActiveCfg = MinSizeRel|Win32
		{8567312B-960B-43C2-8AED-12DFD8BB573C}.RelWithDebInfo|Win32.ActiveCfg = RelWithDebInfo|Win32
	EndGlobalSection
	GlobalSection(ExtensibilityGlobals) = postSolution
	EndGlobalSection
	GlobalSection(ExtensibilityAddIns) = postSolution
	EndGlobalSection
EndGlobal
